
Microsoft Visual Studio Solution File, Format Version 12.00
# Visual Studio Version 17
VisualStudioVersion = 17.10.35013.160
MinimumVisualStudioVersion = 10.0.40219.1
Project("{FAE04EC0-301F-11D3-BF4B-00C04F79EFBC}") = "BranchExperiment", "BranchExperiment.csproj", "{7C231EE0-332F-43F7-95E0-EF998C937473}"
EndProject
Global
	GlobalSection(SolutionConfigurationPlatforms) = preSolution
		Debug|Any CPU = Debug|Any CPU
		Release|Any CPU = Release|Any CPU
	EndGlobalSection
	GlobalSection(ProjectConfigurationPlatforms) = postSolution
		{7C231EE0-332F-43F7-95E0-EF998C937473}.Debug|Any CPU.ActiveCfg = Debug|Any CPU
		{7C231EE0-332F-43F7-95E0-EF998C937473}.Debug|Any CPU.Build.0 = Debug|Any CPU
		{7C231EE0-332F-43F7-95E0-EF998C937473}.Release|Any CPU.ActiveCfg = Release|Any CPU
		{7C231EE0-332F-43F7-95E0-EF998C937473}.Release|Any CPU.Build.0 = Release|Any CPU
	EndGlobalSection
	GlobalSection(SolutionProperties) = preSolution
		HideSolutionNode = FALSE
	EndGlobalSection
	GlobalSection(ExtensibilityGlobals) = postSolution
		SolutionGuid = {55D6190B-F5B9-42DF-9FBB-7B20E2D67C36}
	EndGlobalSection
EndGlobal
